// !$*UTF8*$!
{
	archiveVersion = 1;
	classes = {
	};
	objectVersion = 50;
	objects = {

/* Begin PBXBuildFile section */
		5134CB5A20E4C3A100AB49A0 /* AppDelegate.swift in Sources */ = {isa = PBXBuildFile; fileRef = 5134CB5920E4C3A100AB49A0 /* AppDelegate.swift */; };
		5134CB5C20E4C3A100AB49A0 /* ViewController.swift in Sources */ = {isa = PBXBuildFile; fileRef = 5134CB5B20E4C3A100AB49A0 /* ViewController.swift */; };
		5134CB5F20E4C3A100AB49A0 /* Main.storyboard in Resources */ = {isa = PBXBuildFile; fileRef = 5134CB5D20E4C3A100AB49A0 /* Main.storyboard */; };
		5134CB6120E4C3A200AB49A0 /* Assets.xcassets in Resources */ = {isa = PBXBuildFile; fileRef = 5134CB6020E4C3A200AB49A0 /* Assets.xcassets */; };
		5134CB6420E4C3A200AB49A0 /* LaunchScreen.storyboard in Resources */ = {isa = PBXBuildFile; fileRef = 5134CB6220E4C3A200AB49A0 /* LaunchScreen.storyboard */; };
		5134CB6F20E4C3A200AB49A0 /* TSToastViewTests.swift in Sources */ = {isa = PBXBuildFile; fileRef = 5134CB6E20E4C3A200AB49A0 /* TSToastViewTests.swift */; };
		5134CB7A20E4C3A200AB49A0 /* TSToastViewUITests.swift in Sources */ = {isa = PBXBuildFile; fileRef = 5134CB7920E4C3A200AB49A0 /* TSToastViewUITests.swift */; };
		5134CB8B20E4C60F00AB49A0 /* TSToastDisplayControl.swift in Sources */ = {isa = PBXBuildFile; fileRef = 5134CB8A20E4C60F00AB49A0 /* TSToastDisplayControl.swift */; };
		D315AFA7F4AE45D4BF04B24A /* Pods_TSToastView.framework in Frameworks */ = {isa = PBXBuildFile; fileRef = 8FCA0B76B793197245F22835 /* Pods_TSToastView.framework */; };
/* End PBXBuildFile section */

/* Begin PBXContainerItemProxy section */
		5134CB6B20E4C3A200AB49A0 /* PBXContainerItemProxy */ = {
			isa = PBXContainerItemProxy;
			containerPortal = 5134CB4E20E4C3A100AB49A0 /* Project object */;
			proxyType = 1;
			remoteGlobalIDString = 5134CB5520E4C3A100AB49A0;
			remoteInfo = TSToastView;
		};
		5134CB7620E4C3A200AB49A0 /* PBXContainerItemProxy */ = {
			isa = PBXContainerItemProxy;
			containerPortal = 5134CB4E20E4C3A100AB49A0 /* Project object */;
			proxyType = 1;
			remoteGlobalIDString = 5134CB5520E4C3A100AB49A0;
			remoteInfo = TSToastView;
		};
/* End PBXContainerItemProxy section */

/* Begin PBXFileReference section */
		36DBF7D7AB96AAD72BAE64EF /* Pods-TSToastView.debug.xcconfig */ = {isa = PBXFileReference; includeInIndex = 1; lastKnownFileType = text.xcconfig; name = "Pods-TSToastView.debug.xcconfig"; path = "Pods/Target Support Files/Pods-TSToastView/Pods-TSToastView.debug.xcconfig"; sourceTree = "<group>"; };
		5134CB5620E4C3A100AB49A0 /* TSToastView.app */ = {isa = PBXFileReference; explicitFileType = wrapper.application; includeInIndex = 0; path = TSToastView.app; sourceTree = BUILT_PRODUCTS_DIR; };
		5134CB5920E4C3A100AB49A0 /* AppDelegate.swift */ = {isa = PBXFileReference; lastKnownFileType = sourcecode.swift; path = AppDelegate.swift; sourceTree = "<group>"; };
		5134CB5B20E4C3A100AB49A0 /* ViewController.swift */ = {isa = PBXFileReference; lastKnownFileType = sourcecode.swift; path = ViewController.swift; sourceTree = "<group>"; };
		5134CB5E20E4C3A100AB49A0 /* Base */ = {isa = PBXFileReference; lastKnownFileType = file.storyboard; name = Base; path = Base.lproj/Main.storyboard; sourceTree = "<group>"; };
		5134CB6020E4C3A200AB49A0 /* Assets.xcassets */ = {isa = PBXFileReference; lastKnownFileType = folder.assetcatalog; path = Assets.xcassets; sourceTree = "<group>"; };
		5134CB6320E4C3A200AB49A0 /* Base */ = {isa = PBXFileReference; lastKnownFileType = file.storyboard; name = Base; path = Base.lproj/LaunchScreen.storyboard; sourceTree = "<group>"; };
		5134CB6520E4C3A200AB49A0 /* Info.plist */ = {isa = PBXFileReference; lastKnownFileType = text.plist.xml; path = Info.plist; sourceTree = "<group>"; };
		5134CB6A20E4C3A200AB49A0 /* TSToastViewTests.xctest */ = {isa = PBXFileReference; explicitFileType = wrapper.cfbundle; includeInIndex = 0; path = TSToastViewTests.xctest; sourceTree = BUILT_PRODUCTS_DIR; };
		5134CB6E20E4C3A200AB49A0 /* TSToastViewTests.swift */ = {isa = PBXFileReference; lastKnownFileType = sourcecode.swift; path = TSToastViewTests.swift; sourceTree = "<group>"; };
		5134CB7020E4C3A200AB49A0 /* Info.plist */ = {isa = PBXFileReference; lastKnownFileType = text.plist.xml; path = Info.plist; sourceTree = "<group>"; };
		5134CB7520E4C3A200AB49A0 /* TSToastViewUITests.xctest */ = {isa = PBXFileReference; explicitFileType = wrapper.cfbundle; includeInIndex = 0; path = TSToastViewUITests.xctest; sourceTree = BUILT_PRODUCTS_DIR; };
		5134CB7920E4C3A200AB49A0 /* TSToastViewUITests.swift */ = {isa = PBXFileReference; lastKnownFileType = sourcecode.swift; path = TSToastViewUITests.swift; sourceTree = "<group>"; };
		5134CB7B20E4C3A200AB49A0 /* Info.plist */ = {isa = PBXFileReference; lastKnownFileType = text.plist.xml; path = Info.plist; sourceTree = "<group>"; };
		5134CB8A20E4C60F00AB49A0 /* TSToastDisplayControl.swift */ = {isa = PBXFileReference; lastKnownFileType = sourcecode.swift; path = TSToastDisplayControl.swift; sourceTree = "<group>"; };
		8FCA0B76B793197245F22835 /* Pods_TSToastView.framework */ = {isa = PBXFileReference; explicitFileType = wrapper.framework; includeInIndex = 0; path = Pods_TSToastView.framework; sourceTree = BUILT_PRODUCTS_DIR; };
		FAA2EA6D21FF4E33E6590F30 /* Pods-TSToastView.release.xcconfig */ = {isa = PBXFileReference; includeInIndex = 1; lastKnownFileType = text.xcconfig; name = "Pods-TSToastView.release.xcconfig"; path = "Pods/Target Support Files/Pods-TSToastView/Pods-TSToastView.release.xcconfig"; sourceTree = "<group>"; };
/* End PBXFileReference section */

/* Begin PBXFrameworksBuildPhase section */
		5134CB5320E4C3A100AB49A0 /* Frameworks */ = {
			isa = PBXFrameworksBuildPhase;
			buildActionMask = 2147483647;
			files = (
				D315AFA7F4AE45D4BF04B24A /* Pods_TSToastView.framework in Frameworks */,
			);
			runOnlyForDeploymentPostprocessing = 0;
		};
		5134CB6720E4C3A200AB49A0 /* Frameworks */ = {
			isa = PBXFrameworksBuildPhase;
			buildActionMask = 2147483647;
			files = (
			);
			runOnlyForDeploymentPostprocessing = 0;
		};
		5134CB7220E4C3A200AB49A0 /* Frameworks */ = {
			isa = PBXFrameworksBuildPhase;
			buildActionMask = 2147483647;
			files = (
			);
			runOnlyForDeploymentPostprocessing = 0;
		};
/* End PBXFrameworksBuildPhase section */

/* Begin PBXGroup section */
		5134CB4D20E4C3A100AB49A0 = {
			isa = PBXGroup;
			children = (
				5134CB5820E4C3A100AB49A0 /* TSToastView */,
				5134CB6D20E4C3A200AB49A0 /* TSToastViewTests */,
				5134CB7820E4C3A200AB49A0 /* TSToastViewUITests */,
				5134CB5720E4C3A100AB49A0 /* Products */,
				6DA64B2B13EA9EE7EA1049E5 /* Pods */,
				FF7172CE852A5FEFAEE43BB5 /* Frameworks */,
			);
			sourceTree = "<group>";
		};
		5134CB5720E4C3A100AB49A0 /* Products */ = {
			isa = PBXGroup;
			children = (
				5134CB5620E4C3A100AB49A0 /* TSToastView.app */,
				5134CB6A20E4C3A200AB49A0 /* TSToastViewTests.xctest */,
				5134CB7520E4C3A200AB49A0 /* TSToastViewUITests.xctest */,
			);
			name = Products;
			sourceTree = "<group>";
		};
		5134CB5820E4C3A100AB49A0 /* TSToastView */ = {
			isa = PBXGroup;
			children = (
				5134CB8720E4C44000AB49A0 /* TSToast */,
				5134CB5920E4C3A100AB49A0 /* AppDelegate.swift */,
				5134CB5B20E4C3A100AB49A0 /* ViewController.swift */,
				5134CB5D20E4C3A100AB49A0 /* Main.storyboard */,
				5134CB6020E4C3A200AB49A0 /* Assets.xcassets */,
				5134CB6220E4C3A200AB49A0 /* LaunchScreen.storyboard */,
				5134CB6520E4C3A200AB49A0 /* Info.plist */,
			);
			path = TSToastView;
			sourceTree = "<group>";
		};
		5134CB6D20E4C3A200AB49A0 /* TSToastViewTests */ = {
			isa = PBXGroup;
			children = (
				5134CB6E20E4C3A200AB49A0 /* TSToastViewTests.swift */,
				5134CB7020E4C3A200AB49A0 /* Info.plist */,
			);
			path = TSToastViewTests;
			sourceTree = "<group>";
		};
		5134CB7820E4C3A200AB49A0 /* TSToastViewUITests */ = {
			isa = PBXGroup;
			children = (
				5134CB7920E4C3A200AB49A0 /* TSToastViewUITests.swift */,
				5134CB7B20E4C3A200AB49A0 /* Info.plist */,
			);
			path = TSToastViewUITests;
			sourceTree = "<group>";
		};
		5134CB8720E4C44000AB49A0 /* TSToast */ = {
			isa = PBXGroup;
			children = (
				5134CB8A20E4C60F00AB49A0 /* TSToastDisplayControl.swift */,
			);
			path = TSToast;
			sourceTree = "<group>";
		};
		6DA64B2B13EA9EE7EA1049E5 /* Pods */ = {
			isa = PBXGroup;
			children = (
				36DBF7D7AB96AAD72BAE64EF /* Pods-TSToastView.debug.xcconfig */,
				FAA2EA6D21FF4E33E6590F30 /* Pods-TSToastView.release.xcconfig */,
			);
			name = Pods;
			sourceTree = "<group>";
		};
		FF7172CE852A5FEFAEE43BB5 /* Frameworks */ = {
			isa = PBXGroup;
			children = (
				8FCA0B76B793197245F22835 /* Pods_TSToastView.framework */,
			);
			name = Frameworks;
			sourceTree = "<group>";
		};
/* End PBXGroup section */

/* Begin PBXNativeTarget section */
		5134CB5520E4C3A100AB49A0 /* TSToastView */ = {
			isa = PBXNativeTarget;
			buildConfigurationList = 5134CB7E20E4C3A200AB49A0 /* Build configuration list for PBXNativeTarget "TSToastView" */;
			buildPhases = (
				FF8533C5073415816D2BD7D7 /* [CP] Check Pods Manifest.lock */,
				5134CB5220E4C3A100AB49A0 /* Sources */,
				5134CB5320E4C3A100AB49A0 /* Frameworks */,
				5134CB5420E4C3A100AB49A0 /* Resources */,
				15567140B9B61A92C4F6000F /* [CP] Embed Pods Frameworks */,
				4A839BE538970FF6651EF182 /* [CP] Copy Pods Resources */,
			);
			buildRules = (
			);
			dependencies = (
			);
			name = TSToastView;
			productName = TSToastView;
			productReference = 5134CB5620E4C3A100AB49A0 /* TSToastView.app */;
			productType = "com.apple.product-type.application";
		};
		5134CB6920E4C3A200AB49A0 /* TSToastViewTests */ = {
			isa = PBXNativeTarget;
			buildConfigurationList = 5134CB8120E4C3A200AB49A0 /* Build configuration list for PBXNativeTarget "TSToastViewTests" */;
			buildPhases = (
				5134CB6620E4C3A200AB49A0 /* Sources */,
				5134CB6720E4C3A200AB49A0 /* Frameworks */,
				5134CB6820E4C3A200AB49A0 /* Resources */,
			);
			buildRules = (
			);
			dependencies = (
				5134CB6C20E4C3A200AB49A0 /* PBXTargetDependency */,
			);
			name = TSToastViewTests;
			productName = TSToastViewTests;
			productReference = 5134CB6A20E4C3A200AB49A0 /* TSToastViewTests.xctest */;
			productType = "com.apple.product-type.bundle.unit-test";
		};
		5134CB7420E4C3A200AB49A0 /* TSToastViewUITests */ = {
			isa = PBXNativeTarget;
			buildConfigurationList = 5134CB8420E4C3A200AB49A0 /* Build configuration list for PBXNativeTarget "TSToastViewUITests" */;
			buildPhases = (
				5134CB7120E4C3A200AB49A0 /* Sources */,
				5134CB7220E4C3A200AB49A0 /* Frameworks */,
				5134CB7320E4C3A200AB49A0 /* Resources */,
			);
			buildRules = (
			);
			dependencies = (
				5134CB7720E4C3A200AB49A0 /* PBXTargetDependency */,
			);
			name = TSToastViewUITests;
			productName = TSToastViewUITests;
			productReference = 5134CB7520E4C3A200AB49A0 /* TSToastViewUITests.xctest */;
			productType = "com.apple.product-type.bundle.ui-testing";
		};
/* End PBXNativeTarget section */

/* Begin PBXProject section */
		5134CB4E20E4C3A100AB49A0 /* Project object */ = {
			isa = PBXProject;
			attributes = {
				LastSwiftUpdateCheck = 0930;
				LastUpgradeCheck = 0930;
				ORGANIZATIONNAME = "洪利";
				TargetAttributes = {
					5134CB5520E4C3A100AB49A0 = {
						CreatedOnToolsVersion = 9.3;
					};
					5134CB6920E4C3A200AB49A0 = {
						CreatedOnToolsVersion = 9.3;
						TestTargetID = 5134CB5520E4C3A100AB49A0;
					};
					5134CB7420E4C3A200AB49A0 = {
						CreatedOnToolsVersion = 9.3;
						TestTargetID = 5134CB5520E4C3A100AB49A0;
					};
				};
			};
			buildConfigurationList = 5134CB5120E4C3A100AB49A0 /* Build configuration list for PBXProject "TSToastView" */;
			compatibilityVersion = "Xcode 9.3";
			developmentRegion = en;
			hasScannedForEncodings = 0;
			knownRegions = (
				en,
				Base,
			);
			mainGroup = 5134CB4D20E4C3A100AB49A0;
			productRefGroup = 5134CB5720E4C3A100AB49A0 /* Products */;
			projectDirPath = "";
			projectRoot = "";
			targets = (
				5134CB5520E4C3A100AB49A0 /* TSToastView */,
				5134CB6920E4C3A200AB49A0 /* TSToastViewTests */,
				5134CB7420E4C3A200AB49A0 /* TSToastViewUITests */,
			);
		};
/* End PBXProject section */

/* Begin PBXResourcesBuildPhase section */
		5134CB5420E4C3A100AB49A0 /* Resources */ = {
			isa = PBXResourcesBuildPhase;
			buildActionMask = 2147483647;
			files = (
				5134CB6420E4C3A200AB49A0 /* LaunchScreen.storyboard in Resources */,
				5134CB6120E4C3A200AB49A0 /* Assets.xcassets in Resources */,
				5134CB5F20E4C3A100AB49A0 /* Main.storyboard in Resources */,
			);
			runOnlyForDeploymentPostprocessing = 0;
		};
		5134CB6820E4C3A200AB49A0 /* Resources */ = {
			isa = PBXResourcesBuildPhase;
			buildActionMask = 2147483647;
			files = (
			);
			runOnlyForDeploymentPostprocessing = 0;
		};
		5134CB7320E4C3A200AB49A0 /* Resources */ = {
			isa = PBXResourcesBuildPhase;
			buildActionMask = 2147483647;
			files = (
			);
			runOnlyForDeploymentPostprocessing = 0;
		};
/* End PBXResourcesBuildPhase section */

/* Begin PBXShellScriptBuildPhase section */
		15567140B9B61A92C4F6000F /* [CP] Embed Pods Frameworks */ = {
			isa = PBXShellScriptBuildPhase;
			buildActionMask = 2147483647;
			files = (
			);
			inputPaths = (
				"${SRCROOT}/Pods/Target Support Files/Pods-TSToastView/Pods-TSToastView-frameworks.sh",
				"${BUILT_PRODUCTS_DIR}/SnapKit/SnapKit.framework",
			);
			name = "[CP] Embed Pods Frameworks";
			outputPaths = (
				"${TARGET_BUILD_DIR}/${FRAMEWORKS_FOLDER_PATH}/SnapKit.framework",
			);
			runOnlyForDeploymentPostprocessing = 0;
			shellPath = /bin/sh;
			shellScript = "\"${SRCROOT}/Pods/Target Support Files/Pods-TSToastView/Pods-TSToastView-frameworks.sh\"\n";
			showEnvVarsInLog = 0;
		};
		4A839BE538970FF6651EF182 /* [CP] Copy Pods Resources */ = {
			isa = PBXShellScriptBuildPhase;
			buildActionMask = 2147483647;
			files = (
			);
			inputPaths = (
			);
			name = "[CP] Copy Pods Resources";
			outputPaths = (
			);
			runOnlyForDeploymentPostprocessing = 0;
			shellPath = /bin/sh;
			shellScript = "\"${SRCROOT}/Pods/Target Support Files/Pods-TSToastView/Pods-TSToastView-resources.sh\"\n";
			showEnvVarsInLog = 0;
		};
		FF8533C5073415816D2BD7D7 /* [CP] Check Pods Manifest.lock */ = {
			isa = PBXShellScriptBuildPhase;
			buildActionMask = 2147483647;
			files = (
			);
			inputPaths = (
				"${PODS_PODFILE_DIR_PATH}/Podfile.lock",
				"${PODS_ROOT}/Manifest.lock",
			);
			name = "[CP] Check Pods Manifest.lock";
			outputPaths = (
				"$(DERIVED_FILE_DIR)/Pods-TSToastView-checkManifestLockResult.txt",
			);
			runOnlyForDeploymentPostprocessing = 0;
			shellPath = /bin/sh;
			shellScript = "diff \"${PODS_PODFILE_DIR_PATH}/Podfile.lock\" \"${PODS_ROOT}/Manifest.lock\" > /dev/null\nif [ $? != 0 ] ; then\n    # print error to STDERR\n    echo \"error: The sandbox is not in sync with the Podfile.lock. Run 'pod install' or update your CocoaPods installation.\" >&2\n    exit 1\nfi\n# This output is used by Xcode 'outputs' to avoid re-running this script phase.\necho \"SUCCESS\" > \"${SCRIPT_OUTPUT_FILE_0}\"\n";
			showEnvVarsInLog = 0;
		};
/* End PBXShellScriptBuildPhase section */

/* Begin PBXSourcesBuildPhase section */
		5134CB5220E4C3A100AB49A0 /* Sources */ = {
			isa = PBXSourcesBuildPhase;
			buildActionMask = 2147483647;
			files = (
				5134CB5C20E4C3A100AB49A0 /* ViewController.swift in Sources */,
				5134CB5A20E4C3A100AB49A0 /* AppDelegate.swift in Sources */,
				5134CB8B20E4C60F00AB49A0 /* TSToastDisplayControl.swift in Sources */,
			);
			runOnlyForDeploymentPostprocessing = 0;
		};
		5134CB6620E4C3A200AB49A0 /* Sources */ = {
			isa = PBXSourcesBuildPhase;
			buildActionMask = 2147483647;
			files = (
				5134CB6F20E4C3A200AB49A0 /* TSToastViewTests.swift in Sources */,
			);
			runOnlyForDeploymentPostprocessing = 0;
		};
		5134CB7120E4C3A200AB49A0 /* Sources */ = {
			isa = PBXSourcesBuildPhase;
			buildActionMask = 2147483647;
			files = (
				5134CB7A20E4C3A200AB49A0 /* TSToastViewUITests.swift in Sources */,
			);
			runOnlyForDeploymentPostprocessing = 0;
		};
/* End PBXSourcesBuildPhase section */

/* Begin PBXTargetDependency section */
		5134CB6C20E4C3A200AB49A0 /* PBXTargetDependency */ = {
			isa = PBXTargetDependency;
			target = 5134CB5520E4C3A100AB49A0 /* TSToastView */;
			targetProxy = 5134CB6B20E4C3A200AB49A0 /* PBXContainerItemProxy */;
		};
		5134CB7720E4C3A200AB49A0 /* PBXTargetDependency */ = {
			isa = PBXTargetDependency;
			target = 5134CB5520E4C3A100AB49A0 /* TSToastView */;
			targetProxy = 5134CB7620E4C3A200AB49A0 /* PBXContainerItemProxy */;
		};
/* End PBXTargetDependency section */

/* Begin PBXVariantGroup section */
		5134CB5D20E4C3A100AB49A0 /* Main.storyboard */ = {
			isa = PBXVariantGroup;
			children = (
				5134CB5E20E4C3A100AB49A0 /* Base */,
			);
			name = Main.storyboard;
			sourceTree = "<group>";
		};
		5134CB6220E4C3A200AB49A0 /* LaunchScreen.storyboard */ = {
			isa = PBXVariantGroup;
			children = (
				5134CB6320E4C3A200AB49A0 /* Base */,
			);
			name = LaunchScreen.storyboard;
			sourceTree = "<group>";
		};
/* End PBXVariantGroup section */

/* Begin XCBuildConfiguration section */
		5134CB7C20E4C3A200AB49A0 /* Debug */ = {
			isa = XCBuildConfiguration;
			buildSettings = {
				ALWAYS_SEARCH_USER_PATHS = NO;
				CLANG_ANALYZER_NONNULL = YES;
				CLANG_ANALYZER_NUMBER_OBJECT_CONVERSION = YES_AGGRESSIVE;
				CLANG_CXX_LANGUAGE_STANDARD = "gnu++14";
				CLANG_CXX_LIBRARY = "libc++";
				CLANG_ENABLE_MODULES = YES;
				CLANG_ENABLE_OBJC_ARC = YES;
				CLANG_ENABLE_OBJC_WEAK = YES;
				CLANG_WARN_BLOCK_CAPTURE_AUTORELEASING = YES;
				CLANG_WARN_BOOL_CONVERSION = YES;
				CLANG_WARN_COMMA = YES;
				CLANG_WARN_CONSTANT_CONVERSION = YES;
				CLANG_WARN_DEPRECATED_OBJC_IMPLEMENTATIONS = YES;
				CLANG_WARN_DIRECT_OBJC_ISA_USAGE = YES_ERROR;
				CLANG_WARN_DOCUMENTATION_COMMENTS = YES;
				CLANG_WARN_EMPTY_BODY = YES;
				CLANG_WARN_ENUM_CONVERSION = YES;
				CLANG_WARN_INFINITE_RECURSION = YES;
				CLANG_WARN_INT_CONVERSION = YES;
				CLANG_WARN_NON_LITERAL_NULL_CONVERSION = YES;
				CLANG_WARN_OBJC_IMPLICIT_RETAIN_SELF = YES;
				CLANG_WARN_OBJC_LITERAL_CONVERSION = YES;
				CLANG_WARN_OBJC_ROOT_CLASS = YES_ERROR;
				CLANG_WARN_RANGE_LOOP_ANALYSIS = YES;
				CLANG_WARN_STRICT_PROTOTYPES = YES;
				CLANG_WARN_SUSPICIOUS_MOVE = YES;
				CLANG_WARN_UNGUARDED_AVAILABILITY = YES_AGGRESSIVE;
				CLANG_WARN_UNREACHABLE_CODE = YES;
				CLANG_WARN__DUPLICATE_METHOD_MATCH = YES;
				CODE_SIGN_IDENTITY = "iPhone Developer";
				COPY_PHASE_STRIP = NO;
				DEBUG_INFORMATION_FORMAT = dwarf;
				ENABLE_STRICT_OBJC_MSGSEND = YES;
				ENABLE_TESTABILITY = YES;
				GCC_C_LANGUAGE_STANDARD = gnu11;
				GCC_DYNAMIC_NO_PIC = NO;
				GCC_NO_COMMON_BLOCKS = YES;
				GCC_OPTIMIZATION_LEVEL = 0;
				GCC_PREPROCESSOR_DEFINITIONS = (
					"DEBUG=1",
					"$(inherited)",
				);
				GCC_WARN_64_TO_32_BIT_CONVERSION = YES;
				GCC_WARN_ABOUT_RETURN_TYPE = YES_ERROR;
				GCC_WARN_UNDECLARED_SELECTOR = YES;
				GCC_WARN_UNINITIALIZED_AUTOS = YES_AGGRESSIVE;
				GCC_WARN_UNUSED_FUNCTION = YES;
				GCC_WARN_UNUSED_VARIABLE = YES;
				IPHONEOS_DEPLOYMENT_TARGET = 11.3;
				MTL_ENABLE_DEBUG_INFO = YES;
				ONLY_ACTIVE_ARCH = YES;
				SDKROOT = iphoneos;
				SWIFT_ACTIVE_COMPILATION_CONDITIONS = DEBUG;
				SWIFT_OPTIMIZATION_LEVEL = "-Onone";
			};
			name = Debug;
		};
		5134CB7D20E4C3A200AB49A0 /* Release */ = {
			isa = XCBuildConfiguration;
			buildSettings = {
				ALWAYS_SEARCH_USER_PATHS = NO;
				CLANG_ANALYZER_NONNULL = YES;
				CLANG_ANALYZER_NUMBER_OBJECT_CONVERSION = YES_AGGRESSIVE;
				CLANG_CXX_LANGUAGE_STANDARD = "gnu++14";
				CLANG_CXX_LIBRARY = "libc++";
				CLANG_ENABLE_MODULES = YES;
				CLANG_ENABLE_OBJC_ARC = YES;
				CLANG_ENABLE_OBJC_WEAK = YES;
				CLANG_WARN_BLOCK_CAPTURE_AUTORELEASING = YES;
				CLANG_WARN_BOOL_CONVERSION = YES;
				CLANG_WARN_COMMA = YES;
				CLANG_WARN_CONSTANT_CONVERSION = YES;
				CLANG_WARN_DEPRECATED_OBJC_IMPLEMENTATIONS = YES;
				CLANG_WARN_DIRECT_OBJC_ISA_USAGE = YES_ERROR;
				CLANG_WARN_DOCUMENTATION_COMMENTS = YES;
				CLANG_WARN_EMPTY_BODY = YES;
				CLANG_WARN_ENUM_CONVERSION = YES;
				CLANG_WARN_INFINITE_RECURSION = YES;
				CLANG_WARN_INT_CONVERSION = YES;
				CLANG_WARN_NON_LITERAL_NULL_CONVERSION = YES;
				CLANG_WARN_OBJC_IMPLICIT_RETAIN_SELF = YES;
				CLANG_WARN_OBJC_LITERAL_CONVERSION = YES;
				CLANG_WARN_OBJC_ROOT_CLASS = YES_ERROR;
				CLANG_WARN_RANGE_LOOP_ANALYSIS = YES;
				CLANG_WARN_STRICT_PROTOTYPES = YES;
				CLANG_WARN_SUSPICIOUS_MOVE = YES;
				CLANG_WARN_UNGUARDED_AVAILABILITY = YES_AGGRESSIVE;
				CLANG_WARN_UNREACHABLE_CODE = YES;
				CLANG_WARN__DUPLICATE_METHOD_MATCH = YES;
				CODE_SIGN_IDENTITY = "iPhone Developer";
				COPY_PHASE_STRIP = NO;
				DEBUG_INFORMATION_FORMAT = "dwarf-with-dsym";
				ENABLE_NS_ASSERTIONS = NO;
				ENABLE_STRICT_OBJC_MSGSEND = YES;
				GCC_C_LANGUAGE_STANDARD = gnu11;
				GCC_NO_COMMON_BLOCKS = YES;
				GCC_WARN_64_TO_32_BIT_CONVERSION = YES;
				GCC_WARN_ABOUT_RETURN_TYPE = YES_ERROR;
				GCC_WARN_UNDECLARED_SELECTOR = YES;
				GCC_WARN_UNINITIALIZED_AUTOS = YES_AGGRESSIVE;
				GCC_WARN_UNUSED_FUNCTION = YES;
				GCC_WARN_UNUSED_VARIABLE = YES;
				IPHONEOS_DEPLOYMENT_TARGET = 11.3;
				MTL_ENABLE_DEBUG_INFO = NO;
				SDKROOT = iphoneos;
				SWIFT_COMPILATION_MODE = wholemodule;
				SWIFT_OPTIMIZATION_LEVEL = "-O";
				VALIDATE_PRODUCT = YES;
			};
			name = Release;
		};
		5134CB7F20E4C3A200AB49A0 /* Debug */ = {
			isa = XCBuildConfiguration;
			baseConfigurationReference = 36DBF7D7AB96AAD72BAE64EF /* Pods-TSToastView.debug.xcconfig */;
			buildSettings = {
				ASSETCATALOG_COMPILER_APPICON_NAME = AppIcon;
				CODE_SIGN_STYLE = Automatic;
				DEVELOPMENT_TEAM = 5SY74Q2CEY;
				INFOPLIST_FILE = TSToastView/Info.plist;
				IPHONEOS_DEPLOYMENT_TARGET = 9.0;
				LD_RUNPATH_SEARCH_PATHS = (
					"$(inherited)",
					"@executable_path/Frameworks",
				);
				PRODUCT_BUNDLE_IDENTIFIER = hongli.TSToastView;
				PRODUCT_NAME = "$(TARGET_NAME)";
				SWIFT_VERSION = 4.0;
				TARGETED_DEVICE_FAMILY = "1,2";
			};
			name = Debug;
		};
		5134CB8020E4C3A200AB49A0 /* Release */ = {
			isa = XCBuildConfiguration;
			baseConfigurationReference = FAA2EA6D21FF4E33E6590F30 /* Pods-TSToastView.release.xcconfig */;
			buildSettings = {
				ASSETCATALOG_COMPILER_APPICON_NAME = AppIcon;
				CODE_SIGN_STYLE = Automatic;
				DEVELOPMENT_TEAM = 5SY74Q2CEY;
				INFOPLIST_FILE = TSToastView/Info.plist;
				IPHONEOS_DEPLOYMENT_TARGET = 9.0;
				LD_RUNPATH_SEARCH_PATHS = (
					"$(inherited)",
					"@executable_path/Frameworks",
				);
				PRODUCT_BUNDLE_IDENTIFIER = hongli.TSToastView;
				PRODUCT_NAME = "$(TARGET_NAME)";
				SWIFT_VERSION = 4.0;
				TARGETED_DEVICE_FAMILY = "1,2";
			};
			name = Release;
		};
		5134CB8220E4C3A200AB49A0 /* Debug */ = {
			isa = XCBuildConfiguration;
			buildSettings = {
				ALWAYS_EMBED_SWIFT_STANDARD_LIBRARIES = YES;
				BUNDLE_LOADER = "$(TEST_HOST)";
				CODE_SIGN_STYLE = Automatic;
				DEVELOPMENT_TEAM = 5SY74Q2CEY;
				INFOPLIST_FILE = TSToastViewTests/Info.plist;
				LD_RUNPATH_SEARCH_PATHS = (
					"$(inherited)",
					"@executable_path/Frameworks",
					"@loader_path/Frameworks",
				);
				PRODUCT_BUNDLE_IDENTIFIER = hongli.TSToastViewTests;
				PRODUCT_NAME = "$(TARGET_NAME)";
				SWIFT_VERSION = 4.0;
				TARGETED_DEVICE_FAMILY = "1,2";
				TEST_HOST = "$(BUILT_PRODUCTS_DIR)/TSToastView.app/TSToastView";
			};
			name = Debug;
		};
		5134CB8320E4C3A200AB49A0 /* Release */ = {
			isa = XCBuildConfiguration;
			buildSettings = {
				ALWAYS_EMBED_SWIFT_STANDARD_LIBRARIES = YES;
				BUNDLE_LOADER = "$(TEST_HOST)";
				CODE_SIGN_STYLE = Automatic;
				DEVELOPMENT_TEAM = 5SY74Q2CEY;
				INFOPLIST_FILE = TSToastViewTests/Info.plist;
				LD_RUNPATH_SEARCH_PATHS = (
					"$(inherited)",
					"@executable_path/Frameworks",
					"@loader_path/Frameworks",
				);
				PRODUCT_BUNDLE_IDENTIFIER = hongli.TSToastViewTests;
				PRODUCT_NAME = "$(TARGET_NAME)";
				SWIFT_VERSION = 4.0;
				TARGETED_DEVICE_FAMILY = "1,2";
				TEST_HOST = "$(BUILT_PRODUCTS_DIR)/TSToastView.app/TSToastView";
			};
			name = Release;
		};
		5134CB8520E4C3A200AB49A0 /* Debug */ = {
			isa = XCBuildConfiguration;
			buildSettings = {
				ALWAYS_EMBED_SWIFT_STANDARD_LIBRARIES = YES;
				CODE_SIGN_STYLE = Automatic;
				DEVELOPMENT_TEAM = 5SY74Q2CEY;
				INFOPLIST_FILE = TSToastViewUITests/Info.plist;
				LD_RUNPATH_SEARCH_PATHS = (
					"$(inherited)",
					"@executable_path/Frameworks",
					"@loader_path/Frameworks",
				);
				PRODUCT_BUNDLE_IDENTIFIER = hongli.TSToastViewUITests;
				PRODUCT_NAME = "$(TARGET_NAME)";
				SWIFT_VERSION = 4.0;
				TARGETED_DEVICE_FAMILY = "1,2";
				TEST_TARGET_NAME = TSToastView;
			};
			name = Debug;
		};
		5134CB8620E4C3A200AB49A0 /* Release */ = {
			isa = XCBuildConfiguration;
			buildSettings = {
				ALWAYS_EMBED_SWIFT_STANDARD_LIBRARIES = YES;
				CODE_SIGN_STYLE = Automatic;
				DEVELOPMENT_TEAM = 5SY74Q2CEY;
				INFOPLIST_FILE = TSToastViewUITests/Info.plist;
				LD_RUNPATH_SEARCH_PATHS = (
					"$(inherited)",
					"@executable_path/Frameworks",
					"@loader_path/Frameworks",
				);
				PRODUCT_BUNDLE_IDENTIFIER = hongli.TSToastViewUITests;
				PRODUCT_NAME = "$(TARGET_NAME)";
				SWIFT_VERSION = 4.0;
				TARGETED_DEVICE_FAMILY = "1,2";
				TEST_TARGET_NAME = TSToastView;
			};
			name = Release;
		};
/* End XCBuildConfiguration section */

/* Begin XCConfigurationList section */
		5134CB5120E4C3A100AB49A0 /* Build configuration list for PBXProject "TSToastView" */ = {
			isa = XCConfigurationList;
			buildConfigurations = (
				5134CB7C20E4C3A200AB49A0 /* Debug */,
				5134CB7D20E4C3A200AB49A0 /* Release */,
			);
			defaultConfigurationIsVisible = 0;
			defaultConfigurationName = Release;
		};
		5134CB7E20E4C3A200AB49A0 /* Build configuration list for PBXNativeTarget "TSToastView" */ = {
			isa = XCConfigurationList;
			buildConfigurations = (
				5134CB7F20E4C3A200AB49A0 /* Debug */,
				5134CB8020E4C3A200AB49A0 /* Release */,
			);
			defaultConfigurationIsVisible = 0;
			defaultConfigurationName = Release;
		};
		5134CB8120E4C3A200AB49A0 /* Build configuration list for PBXNativeTarget "TSToastViewTests" */ = {
			isa = XCConfigurationList;
			buildConfigurations = (
				5134CB8220E4C3A200AB49A0 /* Debug */,
				5134CB8320E4C3A200AB49A0 /* Release */,
			);
			defaultConfigurationIsVisible = 0;
			defaultConfigurationName = Release;
		};
		5134CB8420E4C3A200AB49A0 /* Build configuration list for PBXNativeTarget "TSToastViewUITests" */ = {
			isa = XCConfigurationList;
			buildConfigurations = (
				5134CB8520E4C3A200AB49A0 /* Debug */,
				5134CB8620E4C3A200AB49A0 /* Release */,
			);
			defaultConfigurationIsVisible = 0;
			defaultConfigurationName = Release;
		};
/* End XCConfigurationList section */
	};
	rootObject = 5134CB4E20E4C3A100AB49A0 /* Project object */;
}
